
Microsoft Visual Studio Solution File, Format Version 12.00
# Visual Studio Version 17
VisualStudioVersion = 17.4.33403.182
MinimumVisualStudioVersion = 10.0.40219.1
Project("{FAE04EC0-301F-11D3-BF4B-00C04F79EFBC}") = "conexionDB", "conexionDB\conexionDB.csproj", "{505879FC-DA77-4D0F-A319-38111546B621}"
EndProject
Global
	GlobalSection(SolutionConfigurationPlatforms) = preSolution
		Debug|Any CPU = Debug|Any CPU
		Release|Any CPU = Release|Any CPU
	EndGlobalSection
	GlobalSection(ProjectConfigurationPlatforms) = postSolution
		{505879FC-DA77-4D0F-A319-38111546B621}.Debug|Any CPU.ActiveCfg = Debug|Any CPU
		{505879FC-DA77-4D0F-A319-38111546B621}.Debug|Any CPU.Build.0 = Debug|Any CPU
		{505879FC-DA77-4D0F-A319-38111546B621}.Release|Any CPU.ActiveCfg = Release|Any CPU
		{505879FC-DA77-4D0F-A319-38111546B621}.Release|Any CPU.Build.0 = Release|Any CPU
	EndGlobalSection
	GlobalSection(SolutionProperties) = preSolution
		HideSolutionNode = FALSE
	EndGlobalSection
	GlobalSection(ExtensibilityGlobals) = postSolution
		SolutionGuid = {DE2EB637-9AAC-4E59-B7A8-60BC1E8DA3F9}
	EndGlobalSection
EndGlobal
